// !$*UTF8*$!
{
	archiveVersion = 1;
	classes = {
	};
	objectVersion = 46;
	objects = {

/* Begin PBXBuildFile section */
		32339E501C4452DA00C9482D /* main.cpp in Sources */ = {isa = PBXBuildFile; fileRef = 32339E4F1C4452DA00C9482D /* main.cpp */; };
/* End PBXBuildFile section */

/* Begin PBXCopyFilesBuildPhase section */
		32339E4A1C4452DA00C9482D /* CopyFiles */ = {
			isa = PBXCopyFilesBuildPhase;
			buildActionMask = 2147483647;
			dstPath = /usr/share/man/man1/;
			dstSubfolderSpec = 0;
			files = (
			);
			runOnlyForDeploymentPostprocessing = 1;
		};
/* End PBXCopyFilesBuildPhase section */

/* Begin PBXFileReference section */
		32339E4C1C4452DA00C9482D /* Algo-BurstBallon */ = {isa = PBXFileReference; explicitFileType = "compiled.mach-o.executable"; includeInIndex = 0; path = "Algo-BurstBallon"; sourceTree = BUILT_PRODUCTS_DIR; };
		32339E4F1C4452DA00C9482D /* main.cpp */ = {isa = PBXFileReference; lastKnownFileType = sourcecode.cpp.cpp; path = main.cpp; sourceTree = "<group>"; };
/* End PBXFileReference section */

/* Begin PBXFrameworksBuildPhase section */
		32339E491C4452DA00C9482D /* Frameworks */ = {
			isa = PBXFrameworksBuildPhase;
			buildActionMask = 2147483647;
			files = (
			);
			runOnlyForDeploymentPostprocessing = 0;
		};
/* End PBXFrameworksBuildPhase section */

/* Begin PBXGroup section */
		32339E431C4452DA00C9482D = {
			isa = PBXGroup;
			children = (
				32339E4E1C4452DA00C9482D /* Algo-BurstBallon */,
				32339E4D1C4452DA00C9482D /* Products */,
			);
			sourceTree = "<group>";
		};
		32339E4D1C4452DA00C9482D /* Products */ = {
			isa = PBXGroup;
			children = (
				32339E4C1C4452DA00C9482D /* Algo-BurstBallon */,
			);
			name = Products;
			sourceTree = "<group>";
		};
		32339E4E1C4452DA00C9482D /* Algo-BurstBallon */ = {
			isa = PBXGroup;
			children = (
				32339E4F1C4452DA00C9482D /* main.cpp */,
			);
			path = "Algo-BurstBallon";
			sourceTree = "<group>";
		};
/* End PBXGroup section */

/* Begin PBXNativeTarget section */
		32339E4B1C4452DA00C9482D /* Algo-BurstBallon */ = {
			isa = PBXNativeTarget;
			buildConfigurationList = 32339E531C4452DA00C9482D /* Build configuration list for PBXNativeTarget "Algo-BurstBallon" */;
			buildPhases = (
				32339E481C4452DA00C9482D /* Sources */,
				32339E491C4452DA00C9482D /* Frameworks */,
				32339E4A1C4452DA00C9482D /* CopyFiles */,
			);
			buildRules = (
			);
			dependencies = (
			);
			name = "Algo-BurstBallon";
			productName = "Algo-BurstBallon";
			productReference = 32339E4C1C4452DA00C9482D /* Algo-BurstBallon */;
			productType = "com.apple.product-type.tool";
		};
/* End PBXNativeTarget section */

/* Begin PBXProject section */
		32339E441C4452DA00C9482D /* Project object */ = {
			isa = PBXProject;
			attributes = {
				LastUpgradeCheck = 0720;
				ORGANIZATIONNAME = "Chaojun Xue";
				TargetAttributes = {
					32339E4B1C4452DA00C9482D = {
						CreatedOnToolsVersion = 7.2;
					};
				};
			};
			buildConfigurationList = 32339E471C4452DA00C9482D /* Build configuration list for PBXProject "Algo-BurstBallon" */;
			compatibilityVersion = "Xcode 3.2";
			developmentRegion = English;
			hasScannedForEncodings = 0;
			knownRegions = (
				en,
			);
			mainGroup = 32339E431C4452DA00C9482D;
			productRefGroup = 32339E4D1C4452DA00C9482D /* Products */;
			projectDirPath = "";
			projectRoot = "";
			targets = (
				32339E4B1C4452DA00C9482D /* Algo-BurstBallon */,
			);
		};
/* End PBXProject section */

/* Begin PBXSourcesBuildPhase section */
		32339E481C4452DA00C9482D /* Sources */ = {
			isa = PBXSourcesBuildPhase;
			buildActionMask = 2147483647;
			files = (
				32339E501C4452DA00C9482D /* main.cpp in Sources */,
			);
			runOnlyForDeploymentPostprocessing = 0;
		};
/* End PBXSourcesBuildPhase section */

/* Begin XCBuildConfiguration section */
		32339E511C4452DA00C9482D /* Debug */ = {
			isa = XCBuildConfiguration;
			buildSettings = {
				ALWAYS_SEARCH_USER_PATHS = NO;
				CLANG_CXX_LANGUAGE_STANDARD = "gnu++0x";
				CLANG_CXX_LIBRARY = "libc++";
				CLANG_ENABLE_MODULES = YES;
				CLANG_ENABLE_OBJC_ARC = YES;
				CLANG_WARN_BOOL_CONVERSION = YES;
				CLANG_WARN_CONSTANT_CONVERSION = YES;
				CLANG_WARN_DIRECT_OBJC_ISA_USAGE = YES_ERROR;
				CLANG_WARN_EMPTY_BODY = YES;
				CLANG_WARN_ENUM_CONVERSION = YES;
				CLANG_WARN_INT_CONVERSION = YES;
				CLANG_WARN_OBJC_ROOT_CLASS = YES_ERROR;
				CLANG_WARN_UNREACHABLE_CODE = YES;
				CLANG_WARN__DUPLICATE_METHOD_MATCH = YES;
				CODE_SIGN_IDENTITY = "-";
				COPY_PHASE_STRIP = NO;
				DEBUG_INFORMATION_FORMAT = dwarf;
				ENABLE_STRICT_OBJC_MSGSEND = YES;
				ENABLE_TESTABILITY = YES;
				GCC_C_LANGUAGE_STANDARD = gnu99;
				GCC_DYNAMIC_NO_PIC = NO;
				GCC_NO_COMMON_BLOCKS = YES;
				GCC_OPTIMIZATION_LEVEL = 0;
				GCC_PREPROCESSOR_DEFINITIONS = (
					"DEBUG=1",
					"$(inherited)",
				);
				GCC_WARN_64_TO_32_BIT_CONVERSION = YES;
				GCC_WARN_ABOUT_RETURN_TYPE = YES_ERROR;
				GCC_WARN_UNDECLARED_SELECTOR = YES;
				GCC_WARN_UNINITIALIZED_AUTOS = YES_AGGRESSIVE;
				GCC_WARN_UNUSED_FUNCTION = YES;
				GCC_WARN_UNUSED_VARIABLE = YES;
				MACOSX_DEPLOYMENT_TARGET = 10.11;
				MTL_ENABLE_DEBUG_INFO = YES;
				ONLY_ACTIVE_ARCH = YES;
				SDKROOT = macosx;
			};
			name = Debug;
		};
		32339E521C4452DA00C9482D /* Release */ = {
			isa = XCBuildConfiguration;
			buildSettings = {
				ALWAYS_SEARCH_USER_PATHS = NO;
				CLANG_CXX_LANGUAGE_STANDARD = "gnu++0x";
				CLANG_CXX_LIBRARY = "libc++";
				CLANG_ENABLE_MODULES = YES;
				CLANG_ENABLE_OBJC_ARC = YES;
				CLANG_WARN_BOOL_CONVERSION = YES;
				CLANG_WARN_CONSTANT_CONVERSION = YES;
				CLANG_WARN_DIRECT_OBJC_ISA_USAGE = YES_ERROR;
				CLANG_WARN_EMPTY_BODY = YES;
				CLANG_WARN_ENUM_CONVERSION = YES;
				CLANG_WARN_INT_CONVERSION = YES;
				CLANG_WARN_OBJC_ROOT_CLASS = YES_ERROR;
				CLANG_WARN_UNREACHABLE_CODE = YES;
				CLANG_WARN__DUPLICATE_METHOD_MATCH = YES;
				CODE_SIGN_IDENTITY = "-";
				COPY_PHASE_STRIP = NO;
				DEBUG_INFORMATION_FORMAT = "dwarf-with-dsym";
				ENABLE_NS_ASSERTIONS = NO;
				ENABLE_STRICT_OBJC_MSGSEND = YES;
				GCC_C_LANGUAGE_STANDARD = gnu99;
				GCC_NO_COMMON_BLOCKS = YES;
				GCC_WARN_64_TO_32_BIT_CONVERSION = YES;
				GCC_WARN_ABOUT_RETURN_TYPE = YES_ERROR;
				GCC_WARN_UNDECLARED_SELECTOR = YES;
				GCC_WARN_UNINITIALIZED_AUTOS = YES_AGGRESSIVE;
				GCC_WARN_UNUSED_FUNCTION = YES;
				GCC_WARN_UNUSED_VARIABLE = YES;
				MACOSX_DEPLOYMENT_TARGET = 10.11;
				MTL_ENABLE_DEBUG_INFO = NO;
				SDKROOT = macosx;
			};
			name = Release;
		};
		32339E541C4452DA00C9482D /* Debug */ = {
			isa = XCBuildConfiguration;
			buildSettings = {
				PRODUCT_NAME = "$(TARGET_NAME)";
			};
			name = Debug;
		};
		32339E551C4452DA00C9482D /* Release */ = {
			isa = XCBuildConfiguration;
			buildSettings = {
				PRODUCT_NAME = "$(TARGET_NAME)";
			};
			name = Release;
		};
/* End XCBuildConfiguration section */

/* Begin XCConfigurationList section */
		32339E471C4452DA00C9482D /* Build configuration list for PBXProject "Algo-BurstBallon" */ = {
			isa = XCConfigurationList;
			buildConfigurations = (
				32339E511C4452DA00C9482D /* Debug */,
				32339E521C4452DA00C9482D /* Release */,
			);
			defaultConfigurationIsVisible = 0;
			defaultConfigurationName = Release;
		};
		32339E531C4452DA00C9482D /* Build configuration list for PBXNativeTarget "Algo-BurstBallon" */ = {
			isa = XCConfigurationList;
			buildConfigurations = (
				32339E541C4452DA00C9482D /* Debug */,
				32339E551C4452DA00C9482D /* Release */,
			);
			defaultConfigurationIsVisible = 0;
		};
/* End XCConfigurationList section */
	};
	rootObject = 32339E441C4452DA00C9482D /* Project object */;
}
